
Microsoft Visual Studio Solution File, Format Version 12.00
# Visual Studio Version 16
VisualStudioVersion = 16.0.31112.23
MinimumVisualStudioVersion = 10.0.40219.1
Project("{FAE04EC0-301F-11D3-BF4B-00C04F79EFBC}") = "Exercise5", "Exercise5\Exercise5.csproj", "{8485D1B8-85F8-4A8B-9CEE-7347673DC62D}"
EndProject
Global
	GlobalSection(SolutionConfigurationPlatforms) = preSolution
		Debug|Any CPU = Debug|Any CPU
		Release|Any CPU = Release|Any CPU
	EndGlobalSection
	GlobalSection(ProjectConfigurationPlatforms) = postSolution
		{8485D1B8-85F8-4A8B-9CEE-7347673DC62D}.Debug|Any CPU.ActiveCfg = Debug|Any CPU
		{8485D1B8-85F8-4A8B-9CEE-7347673DC62D}.Debug|Any CPU.Build.0 = Debug|Any CPU
		{8485D1B8-85F8-4A8B-9CEE-7347673DC62D}.Release|Any CPU.ActiveCfg = Release|Any CPU
		{8485D1B8-85F8-4A8B-9CEE-7347673DC62D}.Release|Any CPU.Build.0 = Release|Any CPU
	EndGlobalSection
	GlobalSection(SolutionProperties) = preSolution
		HideSolutionNode = FALSE
	EndGlobalSection
	GlobalSection(ExtensibilityGlobals) = postSolution
		SolutionGuid = {8244DC6E-5B21-4C0F-A8F5-1E04CB0E0348}
	EndGlobalSection
EndGlobal
