
Microsoft Visual Studio Solution File, Format Version 12.00
# Visual Studio Version 16
VisualStudioVersion = 16.0.31112.23
MinimumVisualStudioVersion = 10.0.40219.1
Project("{FAE04EC0-301F-11D3-BF4B-00C04F79EFBC}") = "PhoneKeyPad", "PhoneKeyPad\PhoneKeyPad.csproj", "{8A596723-609B-411B-B5A3-DCB9FC14BAF2}"
EndProject
Global
	GlobalSection(SolutionConfigurationPlatforms) = preSolution
		Debug|Any CPU = Debug|Any CPU
		Release|Any CPU = Release|Any CPU
	EndGlobalSection
	GlobalSection(ProjectConfigurationPlatforms) = postSolution
		{8A596723-609B-411B-B5A3-DCB9FC14BAF2}.Debug|Any CPU.ActiveCfg = Debug|Any CPU
		{8A596723-609B-411B-B5A3-DCB9FC14BAF2}.Debug|Any CPU.Build.0 = Debug|Any CPU
		{8A596723-609B-411B-B5A3-DCB9FC14BAF2}.Release|Any CPU.ActiveCfg = Release|Any CPU
		{8A596723-609B-411B-B5A3-DCB9FC14BAF2}.Release|Any CPU.Build.0 = Release|Any CPU
	EndGlobalSection
	GlobalSection(SolutionProperties) = preSolution
		HideSolutionNode = FALSE
	EndGlobalSection
	GlobalSection(ExtensibilityGlobals) = postSolution
		SolutionGuid = {17C72B62-5576-4463-AF72-8DA8D2EC26C2}
	EndGlobalSection
EndGlobal
