
Microsoft Visual Studio Solution File, Format Version 12.00
# Visual Studio Version 16
VisualStudioVersion = 16.0.31112.23
MinimumVisualStudioVersion = 10.0.40219.1
Project("{FAE04EC0-301F-11D3-BF4B-00C04F79EFBC}") = "Exercise10", "Exercise10\Exercise10.csproj", "{F1C6092B-5059-4D34-8319-3C49068E1A7C}"
EndProject
Global
	GlobalSection(SolutionConfigurationPlatforms) = preSolution
		Debug|Any CPU = Debug|Any CPU
		Release|Any CPU = Release|Any CPU
	EndGlobalSection
	GlobalSection(ProjectConfigurationPlatforms) = postSolution
		{F1C6092B-5059-4D34-8319-3C49068E1A7C}.Debug|Any CPU.ActiveCfg = Debug|Any CPU
		{F1C6092B-5059-4D34-8319-3C49068E1A7C}.Debug|Any CPU.Build.0 = Debug|Any CPU
		{F1C6092B-5059-4D34-8319-3C49068E1A7C}.Release|Any CPU.ActiveCfg = Release|Any CPU
		{F1C6092B-5059-4D34-8319-3C49068E1A7C}.Release|Any CPU.Build.0 = Release|Any CPU
	EndGlobalSection
	GlobalSection(SolutionProperties) = preSolution
		HideSolutionNode = FALSE
	EndGlobalSection
	GlobalSection(ExtensibilityGlobals) = postSolution
		SolutionGuid = {CE341E04-9412-4C86-8C96-7EDC8BEA3DFA}
	EndGlobalSection
EndGlobal
