
Microsoft Visual Studio Solution File, Format Version 12.00
# Visual Studio Version 16
VisualStudioVersion = 16.0.31112.23
MinimumVisualStudioVersion = 10.0.40219.1
Project("{FAE04EC0-301F-11D3-BF4B-00C04F79EFBC}") = "Distance", "Distance\Distance.csproj", "{06C5CE18-EFEF-4E42-9938-E3EA28A31B85}"
EndProject
Global
	GlobalSection(SolutionConfigurationPlatforms) = preSolution
		Debug|Any CPU = Debug|Any CPU
		Release|Any CPU = Release|Any CPU
	EndGlobalSection
	GlobalSection(ProjectConfigurationPlatforms) = postSolution
		{06C5CE18-EFEF-4E42-9938-E3EA28A31B85}.Debug|Any CPU.ActiveCfg = Debug|Any CPU
		{06C5CE18-EFEF-4E42-9938-E3EA28A31B85}.Debug|Any CPU.Build.0 = Debug|Any CPU
		{06C5CE18-EFEF-4E42-9938-E3EA28A31B85}.Release|Any CPU.ActiveCfg = Release|Any CPU
		{06C5CE18-EFEF-4E42-9938-E3EA28A31B85}.Release|Any CPU.Build.0 = Release|Any CPU
	EndGlobalSection
	GlobalSection(SolutionProperties) = preSolution
		HideSolutionNode = FALSE
	EndGlobalSection
	GlobalSection(ExtensibilityGlobals) = postSolution
		SolutionGuid = {6674D7F5-2369-4590-9435-430EADE9B54F}
	EndGlobalSection
EndGlobal
