
Microsoft Visual Studio Solution File, Format Version 12.00
# Visual Studio Version 16
VisualStudioVersion = 16.0.31112.23
MinimumVisualStudioVersion = 10.0.40219.1
Project("{FAE04EC0-301F-11D3-BF4B-00C04F79EFBC}") = "Exercise4", "Exercise4\Exercise4.csproj", "{A577C98D-A557-4BA1-8046-9996F5E91F37}"
EndProject
Global
	GlobalSection(SolutionConfigurationPlatforms) = preSolution
		Debug|Any CPU = Debug|Any CPU
		Release|Any CPU = Release|Any CPU
	EndGlobalSection
	GlobalSection(ProjectConfigurationPlatforms) = postSolution
		{A577C98D-A557-4BA1-8046-9996F5E91F37}.Debug|Any CPU.ActiveCfg = Debug|Any CPU
		{A577C98D-A557-4BA1-8046-9996F5E91F37}.Debug|Any CPU.Build.0 = Debug|Any CPU
		{A577C98D-A557-4BA1-8046-9996F5E91F37}.Release|Any CPU.ActiveCfg = Release|Any CPU
		{A577C98D-A557-4BA1-8046-9996F5E91F37}.Release|Any CPU.Build.0 = Release|Any CPU
	EndGlobalSection
	GlobalSection(SolutionProperties) = preSolution
		HideSolutionNode = FALSE
	EndGlobalSection
	GlobalSection(ExtensibilityGlobals) = postSolution
		SolutionGuid = {47DF5FE0-22CE-477F-8D9E-8CFE5086976B}
	EndGlobalSection
EndGlobal
