
Microsoft Visual Studio Solution File, Format Version 12.00
# Visual Studio Version 16
VisualStudioVersion = 16.0.31112.23
MinimumVisualStudioVersion = 10.0.40219.1
Project("{FAE04EC0-301F-11D3-BF4B-00C04F79EFBC}") = "Exercise9", "Exercise9\Exercise9.csproj", "{3C68CE7F-0CEC-498D-B20A-1E92F884B47E}"
EndProject
Global
	GlobalSection(SolutionConfigurationPlatforms) = preSolution
		Debug|Any CPU = Debug|Any CPU
		Release|Any CPU = Release|Any CPU
	EndGlobalSection
	GlobalSection(ProjectConfigurationPlatforms) = postSolution
		{3C68CE7F-0CEC-498D-B20A-1E92F884B47E}.Debug|Any CPU.ActiveCfg = Debug|Any CPU
		{3C68CE7F-0CEC-498D-B20A-1E92F884B47E}.Debug|Any CPU.Build.0 = Debug|Any CPU
		{3C68CE7F-0CEC-498D-B20A-1E92F884B47E}.Release|Any CPU.ActiveCfg = Release|Any CPU
		{3C68CE7F-0CEC-498D-B20A-1E92F884B47E}.Release|Any CPU.Build.0 = Release|Any CPU
	EndGlobalSection
	GlobalSection(SolutionProperties) = preSolution
		HideSolutionNode = FALSE
	EndGlobalSection
	GlobalSection(ExtensibilityGlobals) = postSolution
		SolutionGuid = {04BC5621-A19C-47F9-8617-4B2292C70DDA}
	EndGlobalSection
EndGlobal
