
Microsoft Visual Studio Solution File, Format Version 12.00
# Visual Studio Version 16
VisualStudioVersion = 16.0.31112.23
MinimumVisualStudioVersion = 10.0.40219.1
Project("{FAE04EC0-301F-11D3-BF4B-00C04F79EFBC}") = "SavingAccount", "SavingAccount\SavingAccount.csproj", "{705C260F-8CF5-4D59-9EC9-E04582790428}"
EndProject
Global
	GlobalSection(SolutionConfigurationPlatforms) = preSolution
		Debug|Any CPU = Debug|Any CPU
		Release|Any CPU = Release|Any CPU
	EndGlobalSection
	GlobalSection(ProjectConfigurationPlatforms) = postSolution
		{705C260F-8CF5-4D59-9EC9-E04582790428}.Debug|Any CPU.ActiveCfg = Debug|Any CPU
		{705C260F-8CF5-4D59-9EC9-E04582790428}.Debug|Any CPU.Build.0 = Debug|Any CPU
		{705C260F-8CF5-4D59-9EC9-E04582790428}.Release|Any CPU.ActiveCfg = Release|Any CPU
		{705C260F-8CF5-4D59-9EC9-E04582790428}.Release|Any CPU.Build.0 = Release|Any CPU
	EndGlobalSection
	GlobalSection(SolutionProperties) = preSolution
		HideSolutionNode = FALSE
	EndGlobalSection
	GlobalSection(ExtensibilityGlobals) = postSolution
		SolutionGuid = {94522416-BAB3-47F9-9F89-6A9016E8CDE9}
	EndGlobalSection
EndGlobal
